// !$*UTF8*$!
{
	archiveVersion = 1;
	classes = {
	};
	objectVersion = 46;
	objects = {

/* Begin PBXBuildFile section */
		57499D9D1A591982003EDC87 /* Java_org_cocos2dx_plugin_User.cpp in Sources */ = {isa = PBXBuildFile; fileRef = 57499D9C1A591982003EDC87 /* Java_org_cocos2dx_plugin_User.cpp */; };
		57499DA31A591CA2003EDC87 /* Java_org_cocos2dx_plugin_Ads.cpp in Sources */ = {isa = PBXBuildFile; fileRef = 57499D9E1A591CA2003EDC87 /* Java_org_cocos2dx_plugin_Ads.cpp */; };
		57499DA51A591CA2003EDC87 /* Java_org_cocos2dx_plugin_IAP.cpp in Sources */ = {isa = PBXBuildFile; fileRef = 57499DA01A591CA2003EDC87 /* Java_org_cocos2dx_plugin_IAP.cpp */; };
		57499DA61A591CA2003EDC87 /* Java_org_cocos2dx_plugin_Share.cpp in Sources */ = {isa = PBXBuildFile; fileRef = 57499DA11A591CA2003EDC87 /* Java_org_cocos2dx_plugin_Share.cpp */; };
		57499DA71A591CA2003EDC87 /* Java_org_cocos2dx_plugin_Social.cpp in Sources */ = {isa = PBXBuildFile; fileRef = 57499DA21A591CA2003EDC87 /* Java_org_cocos2dx_plugin_Social.cpp */; };
		57499DAA1A591FED003EDC87 /* PluginUtilsAndroid.cpp in Sources */ = {isa = PBXBuildFile; fileRef = 57499DA81A591FED003EDC87 /* PluginUtilsAndroid.cpp */; };
		57D798491A58E9C00024E2A3 /* libopensdk.a in Frameworks */ = {isa = PBXBuildFile; fileRef = 57D7983E1A58E9BF0024E2A3 /* libopensdk.a */; };
		57D798951A58EA310024E2A3 /* AgentManager.cpp in Sources */ = {isa = PBXBuildFile; fileRef = 57D798571A58EA310024E2A3 /* AgentManager.cpp */; };
		57D798961A58EA310024E2A3 /* PluginFactory.cpp in Sources */ = {isa = PBXBuildFile; fileRef = 57D798581A58EA310024E2A3 /* PluginFactory.cpp */; };
		57D798971A58EA310024E2A3 /* PluginJniHelper.cpp in Sources */ = {isa = PBXBuildFile; fileRef = 57D7985A1A58EA310024E2A3 /* PluginJniHelper.cpp */; };
		57D798981A58EA310024E2A3 /* PluginProtocol.cpp in Sources */ = {isa = PBXBuildFile; fileRef = 57D7985D1A58EA310024E2A3 /* PluginProtocol.cpp */; };
		57D7989A1A58EA310024E2A3 /* ProtocolAds.cpp in Sources */ = {isa = PBXBuildFile; fileRef = 57D798601A58EA310024E2A3 /* ProtocolAds.cpp */; };
		57D7989B1A58EA310024E2A3 /* ProtocolAnalytics.cpp in Sources */ = {isa = PBXBuildFile; fileRef = 57D798611A58EA310024E2A3 /* ProtocolAnalytics.cpp */; };
		57D7989C1A58EA310024E2A3 /* ProtocolIAP.cpp in Sources */ = {isa = PBXBuildFile; fileRef = 57D798621A58EA310024E2A3 /* ProtocolIAP.cpp */; };
		57D7989D1A58EA310024E2A3 /* ProtocolShare.cpp in Sources */ = {isa = PBXBuildFile; fileRef = 57D798631A58EA310024E2A3 /* ProtocolShare.cpp */; };
		57D7989E1A58EA310024E2A3 /* ProtocolSocial.cpp in Sources */ = {isa = PBXBuildFile; fileRef = 57D798641A58EA310024E2A3 /* ProtocolSocial.cpp */; };
		57D7989F1A58EA310024E2A3 /* ProtocolUser.cpp in Sources */ = {isa = PBXBuildFile; fileRef = 57D798651A58EA310024E2A3 /* ProtocolUser.cpp */; };
		57D798A01A58EA310024E2A3 /* AdsWrapper.mm in Sources */ = {isa = PBXBuildFile; fileRef = 57D798751A58EA310024E2A3 /* AdsWrapper.mm */; };
		57D798A11A58EA310024E2A3 /* AgentManager.mm in Sources */ = {isa = PBXBuildFile; fileRef = 57D798761A58EA310024E2A3 /* AgentManager.mm */; };
		57D798A21A58EA310024E2A3 /* IAPWrapper.mm in Sources */ = {isa = PBXBuildFile; fileRef = 57D798781A58EA310024E2A3 /* IAPWrapper.mm */; };
		57D798A31A58EA310024E2A3 /* iOSIAPAgent.mm in Sources */ = {isa = PBXBuildFile; fileRef = 57D7987F1A58EA310024E2A3 /* iOSIAPAgent.mm */; };
		57D798A41A58EA310024E2A3 /* ParseUtils.m in Sources */ = {isa = PBXBuildFile; fileRef = 57D798811A58EA310024E2A3 /* ParseUtils.m */; };
		57D798A51A58EA310024E2A3 /* PluginFactory.mm in Sources */ = {isa = PBXBuildFile; fileRef = 57D798821A58EA310024E2A3 /* PluginFactory.mm */; };
		57D798A61A58EA310024E2A3 /* PluginProtocol.mm in Sources */ = {isa = PBXBuildFile; fileRef = 57D798841A58EA310024E2A3 /* PluginProtocol.mm */; };
		57D798A71A58EA310024E2A3 /* PluginUtilsIOS.mm in Sources */ = {isa = PBXBuildFile; fileRef = 57D798861A58EA310024E2A3 /* PluginUtilsIOS.mm */; };
		57D798A81A58EA310024E2A3 /* ProtocolAds.mm in Sources */ = {isa = PBXBuildFile; fileRef = 57D798871A58EA310024E2A3 /* ProtocolAds.mm */; };
		57D798A91A58EA310024E2A3 /* ProtocolAnalytics.mm in Sources */ = {isa = PBXBuildFile; fileRef = 57D798881A58EA310024E2A3 /* ProtocolAnalytics.mm */; };
		57D798AA1A58EA310024E2A3 /* ProtocolIAP.mm in Sources */ = {isa = PBXBuildFile; fileRef = 57D798891A58EA310024E2A3 /* ProtocolIAP.mm */; };
		57D798AB1A58EA310024E2A3 /* ProtocolShare.mm in Sources */ = {isa = PBXBuildFile; fileRef = 57D7988A1A58EA310024E2A3 /* ProtocolShare.mm */; };
		57D798AC1A58EA310024E2A3 /* ProtocolSocial.mm in Sources */ = {isa = PBXBuildFile; fileRef = 57D7988B1A58EA310024E2A3 /* ProtocolSocial.mm */; };
		57D798AD1A58EA310024E2A3 /* ProtocolUser.mm in Sources */ = {isa = PBXBuildFile; fileRef = 57D7988C1A58EA310024E2A3 /* ProtocolUser.mm */; };
		57D798AE1A58EA310024E2A3 /* ShareWrapper.mm in Sources */ = {isa = PBXBuildFile; fileRef = 57D7988E1A58EA310024E2A3 /* ShareWrapper.mm */; };
		57D798AF1A58EA310024E2A3 /* SocialWrapper.mm in Sources */ = {isa = PBXBuildFile; fileRef = 57D798901A58EA310024E2A3 /* SocialWrapper.mm */; };
		57D798B01A58EA310024E2A3 /* UserWrapper.mm in Sources */ = {isa = PBXBuildFile; fileRef = 57D798921A58EA310024E2A3 /* UserWrapper.mm */; };
		57D798B11A58EA310024E2A3 /* PluginManager.cpp in Sources */ = {isa = PBXBuildFile; fileRef = 57D798931A58EA310024E2A3 /* PluginManager.cpp */; };
		57D798B21A58EA310024E2A3 /* PluginParam.cpp in Sources */ = {isa = PBXBuildFile; fileRef = 57D798941A58EA310024E2A3 /* PluginParam.cpp */; };
/* End PBXBuildFile section */

/* Begin PBXContainerItemProxy section */
		57D7984A1A58E9C00024E2A3 /* PBXContainerItemProxy */ = {
			isa = PBXContainerItemProxy;
			containerPortal = 29B97313FDCFA39411CA2CEA /* Project object */;
			proxyType = 1;
			remoteGlobalIDString = 57D7983D1A58E9BF0024E2A3;
			remoteInfo = opensdk;
		};
/* End PBXContainerItemProxy section */

/* Begin PBXCopyFilesBuildPhase section */
		57D7983C1A58E9BF0024E2A3 /* CopyFiles */ = {
			isa = PBXCopyFilesBuildPhase;
			buildActionMask = 2147483647;
			dstPath = "include/$(PRODUCT_NAME)";
			dstSubfolderSpec = 16;
			files = (
			);
			runOnlyForDeploymentPostprocessing = 0;
		};
/* End PBXCopyFilesBuildPhase section */

/* Begin PBXFileReference section */
		1D30AB110D05D00D00671497 /* Foundation.framework */ = {isa = PBXFileReference; lastKnownFileType = wrapper.framework; name = Foundation.framework; path = System/Library/Frameworks/Foundation.framework; sourceTree = SDKROOT; };
		1DF5F4DF0D08C38300B7A737 /* UIKit.framework */ = {isa = PBXFileReference; lastKnownFileType = wrapper.framework; name = UIKit.framework; path = System/Library/Frameworks/UIKit.framework; sourceTree = SDKROOT; };
		288765A40DF7441C002DB57D /* CoreGraphics.framework */ = {isa = PBXFileReference; lastKnownFileType = wrapper.framework; name = CoreGraphics.framework; path = System/Library/Frameworks/CoreGraphics.framework; sourceTree = SDKROOT; };
		57499D9C1A591982003EDC87 /* Java_org_cocos2dx_plugin_User.cpp */ = {isa = PBXFileReference; fileEncoding = 4; lastKnownFileType = sourcecode.cpp.cpp; path = Java_org_cocos2dx_plugin_User.cpp; sourceTree = "<group>"; };
		57499D9E1A591CA2003EDC87 /* Java_org_cocos2dx_plugin_Ads.cpp */ = {isa = PBXFileReference; fileEncoding = 4; lastKnownFileType = sourcecode.cpp.cpp; path = Java_org_cocos2dx_plugin_Ads.cpp; sourceTree = "<group>"; };
		57499DA01A591CA2003EDC87 /* Java_org_cocos2dx_plugin_IAP.cpp */ = {isa = PBXFileReference; fileEncoding = 4; lastKnownFileType = sourcecode.cpp.cpp; path = Java_org_cocos2dx_plugin_IAP.cpp; sourceTree = "<group>"; };
		57499DA11A591CA2003EDC87 /* Java_org_cocos2dx_plugin_Share.cpp */ = {isa = PBXFileReference; fileEncoding = 4; lastKnownFileType = sourcecode.cpp.cpp; path = Java_org_cocos2dx_plugin_Share.cpp; sourceTree = "<group>"; };
		57499DA21A591CA2003EDC87 /* Java_org_cocos2dx_plugin_Social.cpp */ = {isa = PBXFileReference; fileEncoding = 4; lastKnownFileType = sourcecode.cpp.cpp; path = Java_org_cocos2dx_plugin_Social.cpp; sourceTree = "<group>"; };
		57499DA81A591FED003EDC87 /* PluginUtilsAndroid.cpp */ = {isa = PBXFileReference; fileEncoding = 4; lastKnownFileType = sourcecode.cpp.cpp; path = PluginUtilsAndroid.cpp; sourceTree = "<group>"; };
		57499DA91A591FED003EDC87 /* PluginUtilsAndroid.h */ = {isa = PBXFileReference; fileEncoding = 4; lastKnownFileType = sourcecode.c.h; path = PluginUtilsAndroid.h; sourceTree = "<group>"; };
		57D7983E1A58E9BF0024E2A3 /* libopensdk.a */ = {isa = PBXFileReference; explicitFileType = archive.ar; includeInIndex = 0; path = libopensdk.a; sourceTree = BUILT_PRODUCTS_DIR; };
		57D798481A58E9C00024E2A3 /* opensdkTests.xctest */ = {isa = PBXFileReference; explicitFileType = wrapper.cfbundle; includeInIndex = 0; path = opensdkTests.xctest; sourceTree = BUILT_PRODUCTS_DIR; };
		57D798571A58EA310024E2A3 /* AgentManager.cpp */ = {isa = PBXFileReference; fileEncoding = 4; lastKnownFileType = sourcecode.cpp.cpp; path = AgentManager.cpp; sourceTree = "<group>"; };
		57D798581A58EA310024E2A3 /* PluginFactory.cpp */ = {isa = PBXFileReference; fileEncoding = 4; lastKnownFileType = sourcecode.cpp.cpp; path = PluginFactory.cpp; sourceTree = "<group>"; };
		57D798591A58EA310024E2A3 /* PluginJavaData.h */ = {isa = PBXFileReference; fileEncoding = 4; lastKnownFileType = sourcecode.c.h; path = PluginJavaData.h; sourceTree = "<group>"; };
		57D7985A1A58EA310024E2A3 /* PluginJniHelper.cpp */ = {isa = PBXFileReference; fileEncoding = 4; lastKnownFileType = sourcecode.cpp.cpp; path = PluginJniHelper.cpp; sourceTree = "<group>"; };
		57D7985B1A58EA310024E2A3 /* PluginJniHelper.h */ = {isa = PBXFileReference; fileEncoding = 4; lastKnownFileType = sourcecode.c.h; path = PluginJniHelper.h; sourceTree = "<group>"; };
		57D7985C1A58EA310024E2A3 /* PluginJniMacros.h */ = {isa = PBXFileReference; fileEncoding = 4; lastKnownFileType = sourcecode.c.h; path = PluginJniMacros.h; sourceTree = "<group>"; };
		57D7985D1A58EA310024E2A3 /* PluginProtocol.cpp */ = {isa = PBXFileReference; fileEncoding = 4; lastKnownFileType = sourcecode.cpp.cpp; path = PluginProtocol.cpp; sourceTree = "<group>"; };
		57D798601A58EA310024E2A3 /* ProtocolAds.cpp */ = {isa = PBXFileReference; fileEncoding = 4; lastKnownFileType = sourcecode.cpp.cpp; path = ProtocolAds.cpp; sourceTree = "<group>"; };
		57D798611A58EA310024E2A3 /* ProtocolAnalytics.cpp */ = {isa = PBXFileReference; fileEncoding = 4; lastKnownFileType = sourcecode.cpp.cpp; path = ProtocolAnalytics.cpp; sourceTree = "<group>"; };
		57D798621A58EA310024E2A3 /* ProtocolIAP.cpp */ = {isa = PBXFileReference; fileEncoding = 4; lastKnownFileType = sourcecode.cpp.cpp; path = ProtocolIAP.cpp; sourceTree = "<group>"; };
		57D798631A58EA310024E2A3 /* ProtocolShare.cpp */ = {isa = PBXFileReference; fileEncoding = 4; lastKnownFileType = sourcecode.cpp.cpp; path = ProtocolShare.cpp; sourceTree = "<group>"; };
		57D798641A58EA310024E2A3 /* ProtocolSocial.cpp */ = {isa = PBXFileReference; fileEncoding = 4; lastKnownFileType = sourcecode.cpp.cpp; path = ProtocolSocial.cpp; sourceTree = "<group>"; };
		57D798651A58EA310024E2A3 /* ProtocolUser.cpp */ = {isa = PBXFileReference; fileEncoding = 4; lastKnownFileType = sourcecode.cpp.cpp; path = ProtocolUser.cpp; sourceTree = "<group>"; };
		57D798671A58EA310024E2A3 /* AgentManager.h */ = {isa = PBXFileReference; fileEncoding = 4; lastKnownFileType = sourcecode.c.h; path = AgentManager.h; sourceTree = "<group>"; };
		57D798681A58EA310024E2A3 /* PluginFactory.h */ = {isa = PBXFileReference; fileEncoding = 4; lastKnownFileType = sourcecode.c.h; path = PluginFactory.h; sourceTree = "<group>"; };
		57D798691A58EA310024E2A3 /* PluginManager.h */ = {isa = PBXFileReference; fileEncoding = 4; lastKnownFileType = sourcecode.c.h; path = PluginManager.h; sourceTree = "<group>"; };
		57D7986A1A58EA310024E2A3 /* PluginParam.h */ = {isa = PBXFileReference; fileEncoding = 4; lastKnownFileType = sourcecode.c.h; path = PluginParam.h; sourceTree = "<group>"; };
		57D7986B1A58EA310024E2A3 /* PluginProtocol.h */ = {isa = PBXFileReference; fileEncoding = 4; lastKnownFileType = sourcecode.c.h; path = PluginProtocol.h; sourceTree = "<group>"; };
		57D7986C1A58EA310024E2A3 /* ProtocolAds.h */ = {isa = PBXFileReference; fileEncoding = 4; lastKnownFileType = sourcecode.c.h; path = ProtocolAds.h; sourceTree = "<group>"; };
		57D7986D1A58EA310024E2A3 /* ProtocolAnalytics.h */ = {isa = PBXFileReference; fileEncoding = 4; lastKnownFileType = sourcecode.c.h; path = ProtocolAnalytics.h; sourceTree = "<group>"; };
		57D7986E1A58EA310024E2A3 /* ProtocolIAP.h */ = {isa = PBXFileReference; fileEncoding = 4; lastKnownFileType = sourcecode.c.h; path = ProtocolIAP.h; sourceTree = "<group>"; };
		57D7986F1A58EA310024E2A3 /* ProtocolPush.h */ = {isa = PBXFileReference; fileEncoding = 4; lastKnownFileType = sourcecode.c.h; path = ProtocolPush.h; sourceTree = "<group>"; };
		57D798701A58EA310024E2A3 /* ProtocolShare.h */ = {isa = PBXFileReference; fileEncoding = 4; lastKnownFileType = sourcecode.c.h; path = ProtocolShare.h; sourceTree = "<group>"; };
		57D798711A58EA310024E2A3 /* ProtocolSocial.h */ = {isa = PBXFileReference; fileEncoding = 4; lastKnownFileType = sourcecode.c.h; path = ProtocolSocial.h; sourceTree = "<group>"; };
		57D798721A58EA310024E2A3 /* ProtocolUser.h */ = {isa = PBXFileReference; fileEncoding = 4; lastKnownFileType = sourcecode.c.h; path = ProtocolUser.h; sourceTree = "<group>"; };
		57D798741A58EA310024E2A3 /* AdsWrapper.h */ = {isa = PBXFileReference; fileEncoding = 4; lastKnownFileType = sourcecode.c.h; path = AdsWrapper.h; sourceTree = "<group>"; };
		57D798751A58EA310024E2A3 /* AdsWrapper.mm */ = {isa = PBXFileReference; fileEncoding = 4; lastKnownFileType = sourcecode.cpp.objcpp; path = AdsWrapper.mm; sourceTree = "<group>"; };
		57D798761A58EA310024E2A3 /* AgentManager.mm */ = {isa = PBXFileReference; fileEncoding = 4; lastKnownFileType = sourcecode.cpp.objcpp; path = AgentManager.mm; sourceTree = "<group>"; };
		57D798771A58EA310024E2A3 /* IAPWrapper.h */ = {isa = PBXFileReference; fileEncoding = 4; lastKnownFileType = sourcecode.c.h; path = IAPWrapper.h; sourceTree = "<group>"; };
		57D798781A58EA310024E2A3 /* IAPWrapper.mm */ = {isa = PBXFileReference; fileEncoding = 4; lastKnownFileType = sourcecode.cpp.objcpp; path = IAPWrapper.mm; sourceTree = "<group>"; };
		57D798791A58EA310024E2A3 /* InterfaceAds.h */ = {isa = PBXFileReference; fileEncoding = 4; lastKnownFileType = sourcecode.c.h; path = InterfaceAds.h; sourceTree = "<group>"; };
		57D7987A1A58EA310024E2A3 /* InterfaceAnalytics.h */ = {isa = PBXFileReference; fileEncoding = 4; lastKnownFileType = sourcecode.c.h; path = InterfaceAnalytics.h; sourceTree = "<group>"; };
		57D7987B1A58EA310024E2A3 /* InterfaceIAP.h */ = {isa = PBXFileReference; fileEncoding = 4; lastKnownFileType = sourcecode.c.h; path = InterfaceIAP.h; sourceTree = "<group>"; };
		57D7987C1A58EA310024E2A3 /* InterfaceShare.h */ = {isa = PBXFileReference; fileEncoding = 4; lastKnownFileType = sourcecode.c.h; path = InterfaceShare.h; sourceTree = "<group>"; };
		57D7987D1A58EA310024E2A3 /* InterfaceSocial.h */ = {isa = PBXFileReference; fileEncoding = 4; lastKnownFileType = sourcecode.c.h; path = InterfaceSocial.h; sourceTree = "<group>"; };
		57D7987E1A58EA310024E2A3 /* InterfaceUser.h */ = {isa = PBXFileReference; fileEncoding = 4; lastKnownFileType = sourcecode.c.h; path = InterfaceUser.h; sourceTree = "<group>"; };
		57D7987F1A58EA310024E2A3 /* iOSIAPAgent.mm */ = {isa = PBXFileReference; fileEncoding = 4; lastKnownFileType = sourcecode.cpp.objcpp; path = iOSIAPAgent.mm; sourceTree = "<group>"; };
		57D798801A58EA310024E2A3 /* ParseUtils.h */ = {isa = PBXFileReference; fileEncoding = 4; lastKnownFileType = sourcecode.c.h; path = ParseUtils.h; sourceTree = "<group>"; };
		57D798811A58EA310024E2A3 /* ParseUtils.m */ = {isa = PBXFileReference; fileEncoding = 4; lastKnownFileType = sourcecode.c.objc; path = ParseUtils.m; sourceTree = "<group>"; };
		57D798821A58EA310024E2A3 /* PluginFactory.mm */ = {isa = PBXFileReference; fileEncoding = 4; lastKnownFileType = sourcecode.cpp.objcpp; path = PluginFactory.mm; sourceTree = "<group>"; };
		57D798831A58EA310024E2A3 /* PluginOCMacros.h */ = {isa = PBXFileReference; fileEncoding = 4; lastKnownFileType = sourcecode.c.h; path = PluginOCMacros.h; sourceTree = "<group>"; };
		57D798841A58EA310024E2A3 /* PluginProtocol.mm */ = {isa = PBXFileReference; fileEncoding = 4; lastKnownFileType = sourcecode.cpp.objcpp; path = PluginProtocol.mm; sourceTree = "<group>"; };
		57D798851A58EA310024E2A3 /* PluginUtilsIOS.h */ = {isa = PBXFileReference; fileEncoding = 4; lastKnownFileType = sourcecode.c.h; path = PluginUtilsIOS.h; sourceTree = "<group>"; };
		57D798861A58EA310024E2A3 /* PluginUtilsIOS.mm */ = {isa = PBXFileReference; fileEncoding = 4; lastKnownFileType = sourcecode.cpp.objcpp; path = PluginUtilsIOS.mm; sourceTree = "<group>"; };
		57D798871A58EA310024E2A3 /* ProtocolAds.mm */ = {isa = PBXFileReference; fileEncoding = 4; lastKnownFileType = sourcecode.cpp.objcpp; path = ProtocolAds.mm; sourceTree = "<group>"; };
		57D798881A58EA310024E2A3 /* ProtocolAnalytics.mm */ = {isa = PBXFileReference; fileEncoding = 4; lastKnownFileType = sourcecode.cpp.objcpp; path = ProtocolAnalytics.mm; sourceTree = "<group>"; };
		57D798891A58EA310024E2A3 /* ProtocolIAP.mm */ = {isa = PBXFileReference; fileEncoding = 4; lastKnownFileType = sourcecode.cpp.objcpp; path = ProtocolIAP.mm; sourceTree = "<group>"; };
		57D7988A1A58EA310024E2A3 /* ProtocolShare.mm */ = {isa = PBXFileReference; fileEncoding = 4; lastKnownFileType = sourcecode.cpp.objcpp; path = ProtocolShare.mm; sourceTree = "<group>"; };
		57D7988B1A58EA310024E2A3 /* ProtocolSocial.mm */ = {isa = PBXFileReference; fileEncoding = 4; lastKnownFileType = sourcecode.cpp.objcpp; path = ProtocolSocial.mm; sourceTree = "<group>"; };
		57D7988C1A58EA310024E2A3 /* ProtocolUser.mm */ = {isa = PBXFileReference; fileEncoding = 4; lastKnownFileType = sourcecode.cpp.objcpp; path = ProtocolUser.mm; sourceTree = "<group>"; };
		57D7988D1A58EA310024E2A3 /* ShareWrapper.h */ = {isa = PBXFileReference; fileEncoding = 4; lastKnownFileType = sourcecode.c.h; path = ShareWrapper.h; sourceTree = "<group>"; };
		57D7988E1A58EA310024E2A3 /* ShareWrapper.mm */ = {isa = PBXFileReference; fileEncoding = 4; lastKnownFileType = sourcecode.cpp.objcpp; path = ShareWrapper.mm; sourceTree = "<group>"; };
		57D7988F1A58EA310024E2A3 /* SocialWrapper.h */ = {isa = PBXFileReference; fileEncoding = 4; lastKnownFileType = sourcecode.c.h; path = SocialWrapper.h; sourceTree = "<group>"; };
		57D798901A58EA310024E2A3 /* SocialWrapper.mm */ = {isa = PBXFileReference; fileEncoding = 4; lastKnownFileType = sourcecode.cpp.objcpp; path = SocialWrapper.mm; sourceTree = "<group>"; };
		57D798911A58EA310024E2A3 /* UserWrapper.h */ = {isa = PBXFileReference; fileEncoding = 4; lastKnownFileType = sourcecode.c.h; path = UserWrapper.h; sourceTree = "<group>"; };
		57D798921A58EA310024E2A3 /* UserWrapper.mm */ = {isa = PBXFileReference; fileEncoding = 4; lastKnownFileType = sourcecode.cpp.objcpp; path = UserWrapper.mm; sourceTree = "<group>"; };
		57D798931A58EA310024E2A3 /* PluginManager.cpp */ = {isa = PBXFileReference; fileEncoding = 4; lastKnownFileType = sourcecode.cpp.cpp; path = PluginManager.cpp; sourceTree = "<group>"; };
		57D798941A58EA310024E2A3 /* PluginParam.cpp */ = {isa = PBXFileReference; fileEncoding = 4; lastKnownFileType = sourcecode.cpp.cpp; path = PluginParam.cpp; sourceTree = "<group>"; };
		BF170DB012928DE900B8313A /* OpenGLES.framework */ = {isa = PBXFileReference; lastKnownFileType = wrapper.framework; name = OpenGLES.framework; path = System/Library/Frameworks/OpenGLES.framework; sourceTree = SDKROOT; };
		BF170DB212928DE900B8313A /* libxml2.dylib */ = {isa = PBXFileReference; lastKnownFileType = "compiled.mach-o.dylib"; name = libxml2.dylib; path = usr/lib/libxml2.dylib; sourceTree = SDKROOT; };
		BF170DB412928DE900B8313A /* libz.dylib */ = {isa = PBXFileReference; lastKnownFileType = "compiled.mach-o.dylib"; name = libz.dylib; path = usr/lib/libz.dylib; sourceTree = SDKROOT; };
		BF1C47EA1293683800B63C5D /* QuartzCore.framework */ = {isa = PBXFileReference; lastKnownFileType = wrapper.framework; name = QuartzCore.framework; path = System/Library/Frameworks/QuartzCore.framework; sourceTree = SDKROOT; };
		D44C620B132DFF330009C878 /* OpenAL.framework */ = {isa = PBXFileReference; lastKnownFileType = wrapper.framework; name = OpenAL.framework; path = System/Library/Frameworks/OpenAL.framework; sourceTree = SDKROOT; };
		D44C620D132DFF430009C878 /* AVFoundation.framework */ = {isa = PBXFileReference; lastKnownFileType = wrapper.framework; name = AVFoundation.framework; path = System/Library/Frameworks/AVFoundation.framework; sourceTree = SDKROOT; };
		D44C620F132DFF4E0009C878 /* AudioToolbox.framework */ = {isa = PBXFileReference; lastKnownFileType = wrapper.framework; name = AudioToolbox.framework; path = System/Library/Frameworks/AudioToolbox.framework; sourceTree = SDKROOT; };
/* End PBXFileReference section */

/* Begin PBXFrameworksBuildPhase section */
		57D7983B1A58E9BF0024E2A3 /* Frameworks */ = {
			isa = PBXFrameworksBuildPhase;
			buildActionMask = 2147483647;
			files = (
			);
			runOnlyForDeploymentPostprocessing = 0;
		};
		57D798451A58E9C00024E2A3 /* Frameworks */ = {
			isa = PBXFrameworksBuildPhase;
			buildActionMask = 2147483647;
			files = (
				57D798491A58E9C00024E2A3 /* libopensdk.a in Frameworks */,
			);
			runOnlyForDeploymentPostprocessing = 0;
		};
/* End PBXFrameworksBuildPhase section */

/* Begin PBXGroup section */
		19C28FACFE9D520D11CA2CBB /* Products */ = {
			isa = PBXGroup;
			children = (
				57D7983E1A58E9BF0024E2A3 /* libopensdk.a */,
				57D798481A58E9C00024E2A3 /* opensdkTests.xctest */,
			);
			name = Products;
			sourceTree = "<group>";
		};
		29B97314FDCFA39411CA2CEA /* CustomTemplate */ = {
			isa = PBXGroup;
			children = (
				57D798551A58EA310024E2A3 /* opensdk */,
				29B97323FDCFA39411CA2CEA /* Frameworks */,
				19C28FACFE9D520D11CA2CBB /* Products */,
			);
			name = CustomTemplate;
			sourceTree = "<group>";
		};
		29B97323FDCFA39411CA2CEA /* Frameworks */ = {
			isa = PBXGroup;
			children = (
				BF170DB212928DE900B8313A /* libxml2.dylib */,
				BF170DB412928DE900B8313A /* libz.dylib */,
				D44C620F132DFF4E0009C878 /* AudioToolbox.framework */,
				D44C620D132DFF430009C878 /* AVFoundation.framework */,
				288765A40DF7441C002DB57D /* CoreGraphics.framework */,
				1D30AB110D05D00D00671497 /* Foundation.framework */,
				D44C620B132DFF330009C878 /* OpenAL.framework */,
				BF170DB012928DE900B8313A /* OpenGLES.framework */,
				BF1C47EA1293683800B63C5D /* QuartzCore.framework */,
				1DF5F4DF0D08C38300B7A737 /* UIKit.framework */,
			);
			name = Frameworks;
			sourceTree = "<group>";
		};
		57499D9B1A591982003EDC87 /* jni */ = {
			isa = PBXGroup;
			children = (
				57499D9E1A591CA2003EDC87 /* Java_org_cocos2dx_plugin_Ads.cpp */,
				57499DA01A591CA2003EDC87 /* Java_org_cocos2dx_plugin_IAP.cpp */,
				57499DA11A591CA2003EDC87 /* Java_org_cocos2dx_plugin_Share.cpp */,
				57499DA21A591CA2003EDC87 /* Java_org_cocos2dx_plugin_Social.cpp */,
				57499D9C1A591982003EDC87 /* Java_org_cocos2dx_plugin_User.cpp */,
			);
			path = jni;
			sourceTree = "<group>";
		};
		57D798551A58EA310024E2A3 /* opensdk */ = {
			isa = PBXGroup;
			children = (
				57D798561A58EA310024E2A3 /* android */,
				57D798661A58EA310024E2A3 /* include */,
				57D798731A58EA310024E2A3 /* ios */,
				57D798931A58EA310024E2A3 /* PluginManager.cpp */,
				57D798941A58EA310024E2A3 /* PluginParam.cpp */,
			);
			name = opensdk;
			path = ../opensdk;
			sourceTree = "<group>";
		};
		57D798561A58EA310024E2A3 /* android */ = {
			isa = PBXGroup;
			children = (
				57499D9B1A591982003EDC87 /* jni */,
				57D798571A58EA310024E2A3 /* AgentManager.cpp */,
				57D798581A58EA310024E2A3 /* PluginFactory.cpp */,
				57D798591A58EA310024E2A3 /* PluginJavaData.h */,
				57D7985A1A58EA310024E2A3 /* PluginJniHelper.cpp */,
				57D7985B1A58EA310024E2A3 /* PluginJniHelper.h */,
				57D7985C1A58EA310024E2A3 /* PluginJniMacros.h */,
				57D7985D1A58EA310024E2A3 /* PluginProtocol.cpp */,
				57499DA81A591FED003EDC87 /* PluginUtilsAndroid.cpp */,
				57499DA91A591FED003EDC87 /* PluginUtilsAndroid.h */,
				57D798601A58EA310024E2A3 /* ProtocolAds.cpp */,
				57D798611A58EA310024E2A3 /* ProtocolAnalytics.cpp */,
				57D798621A58EA310024E2A3 /* ProtocolIAP.cpp */,
				57D798631A58EA310024E2A3 /* ProtocolShare.cpp */,
				57D798641A58EA310024E2A3 /* ProtocolSocial.cpp */,
				57D798651A58EA310024E2A3 /* ProtocolUser.cpp */,
			);
			path = android;
			sourceTree = "<group>";
		};
		57D798661A58EA310024E2A3 /* include */ = {
			isa = PBXGroup;
			children = (
				57D798671A58EA310024E2A3 /* AgentManager.h */,
				57D798681A58EA310024E2A3 /* PluginFactory.h */,
				57D798691A58EA310024E2A3 /* PluginManager.h */,
				57D7986A1A58EA310024E2A3 /* PluginParam.h */,
				57D7986B1A58EA310024E2A3 /* PluginProtocol.h */,
				57D7986C1A58EA310024E2A3 /* ProtocolAds.h */,
				57D7986D1A58EA310024E2A3 /* ProtocolAnalytics.h */,
				57D7986E1A58EA310024E2A3 /* ProtocolIAP.h */,
				57D7986F1A58EA310024E2A3 /* ProtocolPush.h */,
				57D798701A58EA310024E2A3 /* ProtocolShare.h */,
				57D798711A58EA310024E2A3 /* ProtocolSocial.h */,
				57D798721A58EA310024E2A3 /* ProtocolUser.h */,
			);
			path = include;
			sourceTree = "<group>";
		};
		57D798731A58EA310024E2A3 /* ios */ = {
			isa = PBXGroup;
			children = (
				57D798741A58EA310024E2A3 /* AdsWrapper.h */,
				57D798751A58EA310024E2A3 /* AdsWrapper.mm */,
				57D798761A58EA310024E2A3 /* AgentManager.mm */,
				57D798771A58EA310024E2A3 /* IAPWrapper.h */,
				57D798781A58EA310024E2A3 /* IAPWrapper.mm */,
				57D798791A58EA310024E2A3 /* InterfaceAds.h */,
				57D7987A1A58EA310024E2A3 /* InterfaceAnalytics.h */,
				57D7987B1A58EA310024E2A3 /* InterfaceIAP.h */,
				57D7987C1A58EA310024E2A3 /* InterfaceShare.h */,
				57D7987D1A58EA310024E2A3 /* InterfaceSocial.h */,
				57D7987E1A58EA310024E2A3 /* InterfaceUser.h */,
				57D7987F1A58EA310024E2A3 /* iOSIAPAgent.mm */,
				57D798801A58EA310024E2A3 /* ParseUtils.h */,
				57D798811A58EA310024E2A3 /* ParseUtils.m */,
				57D798821A58EA310024E2A3 /* PluginFactory.mm */,
				57D798831A58EA310024E2A3 /* PluginOCMacros.h */,
				57D798841A58EA310024E2A3 /* PluginProtocol.mm */,
				57D798851A58EA310024E2A3 /* PluginUtilsIOS.h */,
				57D798861A58EA310024E2A3 /* PluginUtilsIOS.mm */,
				57D798871A58EA310024E2A3 /* ProtocolAds.mm */,
				57D798881A58EA310024E2A3 /* ProtocolAnalytics.mm */,
				57D798891A58EA310024E2A3 /* ProtocolIAP.mm */,
				57D7988A1A58EA310024E2A3 /* ProtocolShare.mm */,
				57D7988B1A58EA310024E2A3 /* ProtocolSocial.mm */,
				57D7988C1A58EA310024E2A3 /* ProtocolUser.mm */,
				57D7988D1A58EA310024E2A3 /* ShareWrapper.h */,
				57D7988E1A58EA310024E2A3 /* ShareWrapper.mm */,
				57D7988F1A58EA310024E2A3 /* SocialWrapper.h */,
				57D798901A58EA310024E2A3 /* SocialWrapper.mm */,
				57D798911A58EA310024E2A3 /* UserWrapper.h */,
				57D798921A58EA310024E2A3 /* UserWrapper.mm */,
			);
			path = ios;
			sourceTree = "<group>";
		};
/* End PBXGroup section */

/* Begin PBXNativeTarget section */
		57D7983D1A58E9BF0024E2A3 /* opensdk */ = {
			isa = PBXNativeTarget;
			buildConfigurationList = 57D798531A58E9C10024E2A3 /* Build configuration list for PBXNativeTarget "opensdk" */;
			buildPhases = (
				57D7983A1A58E9BF0024E2A3 /* Sources */,
				57D7983B1A58E9BF0024E2A3 /* Frameworks */,
				57D7983C1A58E9BF0024E2A3 /* CopyFiles */,
			);
			buildRules = (
			);
			dependencies = (
			);
			name = opensdk;
			productName = opensdk;
			productReference = 57D7983E1A58E9BF0024E2A3 /* libopensdk.a */;
			productType = "com.apple.product-type.library.static";
		};
		57D798471A58E9C00024E2A3 /* opensdkTests */ = {
			isa = PBXNativeTarget;
			buildConfigurationList = 57D798541A58E9C10024E2A3 /* Build configuration list for PBXNativeTarget "opensdkTests" */;
			buildPhases = (
				57D798441A58E9C00024E2A3 /* Sources */,
				57D798451A58E9C00024E2A3 /* Frameworks */,
				57D798461A58E9C00024E2A3 /* Resources */,
			);
			buildRules = (
			);
			dependencies = (
				57D7984B1A58E9C00024E2A3 /* PBXTargetDependency */,
			);
			name = opensdkTests;
			productName = opensdkTests;
			productReference = 57D798481A58E9C00024E2A3 /* opensdkTests.xctest */;
			productType = "com.apple.product-type.bundle.unit-test";
		};
/* End PBXNativeTarget section */

/* Begin PBXProject section */
		29B97313FDCFA39411CA2CEA /* Project object */ = {
			isa = PBXProject;
			attributes = {
				LastUpgradeCheck = 0430;
				TargetAttributes = {
					57D7983D1A58E9BF0024E2A3 = {
						CreatedOnToolsVersion = 6.1.1;
					};
					57D798471A58E9C00024E2A3 = {
						CreatedOnToolsVersion = 6.1.1;
					};
				};
			};
			buildConfigurationList = C01FCF4E08A954540054247B /* Build configuration list for PBXProject "opensdk" */;
			compatibilityVersion = "Xcode 3.2";
			developmentRegion = English;
			hasScannedForEncodings = 1;
			knownRegions = (
				English,
				Japanese,
				French,
				German,
			);
			mainGroup = 29B97314FDCFA39411CA2CEA /* CustomTemplate */;
			projectDirPath = "";
			projectRoot = "";
			targets = (
				57D7983D1A58E9BF0024E2A3 /* opensdk */,
				57D798471A58E9C00024E2A3 /* opensdkTests */,
			);
		};
/* End PBXProject section */

/* Begin PBXResourcesBuildPhase section */
		57D798461A58E9C00024E2A3 /* Resources */ = {
			isa = PBXResourcesBuildPhase;
			buildActionMask = 2147483647;
			files = (
			);
			runOnlyForDeploymentPostprocessing = 0;
		};
/* End PBXResourcesBuildPhase section */

/* Begin PBXSourcesBuildPhase section */
		57D7983A1A58E9BF0024E2A3 /* Sources */ = {
			isa = PBXSourcesBuildPhase;
			buildActionMask = 2147483647;
			files = (
				57D798A61A58EA310024E2A3 /* PluginProtocol.mm in Sources */,
				57D7989E1A58EA310024E2A3 /* ProtocolSocial.cpp in Sources */,
				57D798981A58EA310024E2A3 /* PluginProtocol.cpp in Sources */,
				57D798A01A58EA310024E2A3 /* AdsWrapper.mm in Sources */,
				57D798A81A58EA310024E2A3 /* ProtocolAds.mm in Sources */,
				57499D9D1A591982003EDC87 /* Java_org_cocos2dx_plugin_User.cpp in Sources */,
				57499DA31A591CA2003EDC87 /* Java_org_cocos2dx_plugin_Ads.cpp in Sources */,
				57499DA61A591CA2003EDC87 /* Java_org_cocos2dx_plugin_Share.cpp in Sources */,
				57499DAA1A591FED003EDC87 /* PluginUtilsAndroid.cpp in Sources */,
				57D798A41A58EA310024E2A3 /* ParseUtils.m in Sources */,
				57499DA51A591CA2003EDC87 /* Java_org_cocos2dx_plugin_IAP.cpp in Sources */,
				57D798AC1A58EA310024E2A3 /* ProtocolSocial.mm in Sources */,
				57D798AA1A58EA310024E2A3 /* ProtocolIAP.mm in Sources */,
				57D7989F1A58EA310024E2A3 /* ProtocolUser.cpp in Sources */,
				57D7989B1A58EA310024E2A3 /* ProtocolAnalytics.cpp in Sources */,
				57D798AD1A58EA310024E2A3 /* ProtocolUser.mm in Sources */,
				57D798AE1A58EA310024E2A3 /* ShareWrapper.mm in Sources */,
				57D798951A58EA310024E2A3 /* AgentManager.cpp in Sources */,
				57499DA71A591CA2003EDC87 /* Java_org_cocos2dx_plugin_Social.cpp in Sources */,
				57D798B21A58EA310024E2A3 /* PluginParam.cpp in Sources */,
				57D7989C1A58EA310024E2A3 /* ProtocolIAP.cpp in Sources */,
				57D798B11A58EA310024E2A3 /* PluginManager.cpp in Sources */,
				57D798A31A58EA310024E2A3 /* iOSIAPAgent.mm in Sources */,
				57D798A11A58EA310024E2A3 /* AgentManager.mm in Sources */,
				57D798AF1A58EA310024E2A3 /* SocialWrapper.mm in Sources */,
				57D798B01A58EA310024E2A3 /* UserWrapper.mm in Sources */,
				57D798AB1A58EA310024E2A3 /* ProtocolShare.mm in Sources */,
				57D798961A58EA310024E2A3 /* PluginFactory.cpp in Sources */,
				57D798A71A58EA310024E2A3 /* PluginUtilsIOS.mm in Sources */,
				57D798A21A58EA310024E2A3 /* IAPWrapper.mm in Sources */,
				57D7989D1A58EA310024E2A3 /* ProtocolShare.cpp in Sources */,
				57D798A51A58EA310024E2A3 /* PluginFactory.mm in Sources */,
				57D798A91A58EA310024E2A3 /* ProtocolAnalytics.mm in Sources */,
				57D7989A1A58EA310024E2A3 /* ProtocolAds.cpp in Sources */,
				57D798971A58EA310024E2A3 /* PluginJniHelper.cpp in Sources */,
			);
			runOnlyForDeploymentPostprocessing = 0;
		};
		57D798441A58E9C00024E2A3 /* Sources */ = {
			isa = PBXSourcesBuildPhase;
			buildActionMask = 2147483647;
			files = (
			);
			runOnlyForDeploymentPostprocessing = 0;
		};
/* End PBXSourcesBuildPhase section */

/* Begin PBXTargetDependency section */
		57D7984B1A58E9C00024E2A3 /* PBXTargetDependency */ = {
			isa = PBXTargetDependency;
			target = 57D7983D1A58E9BF0024E2A3 /* opensdk */;
			targetProxy = 57D7984A1A58E9C00024E2A3 /* PBXContainerItemProxy */;
		};
/* End PBXTargetDependency section */

/* Begin XCBuildConfiguration section */
		57D7984F1A58E9C00024E2A3 /* Debug */ = {
			isa = XCBuildConfiguration;
			buildSettings = {
				ALWAYS_SEARCH_USER_PATHS = NO;
				CLANG_CXX_LANGUAGE_STANDARD = "gnu++0x";
				CLANG_CXX_LIBRARY = "libc++";
				CLANG_ENABLE_MODULES = YES;
				CLANG_ENABLE_OBJC_ARC = YES;
				CLANG_WARN_BOOL_CONVERSION = YES;
				CLANG_WARN_CONSTANT_CONVERSION = YES;
				CLANG_WARN_DIRECT_OBJC_ISA_USAGE = YES_ERROR;
				CLANG_WARN_EMPTY_BODY = YES;
				CLANG_WARN_ENUM_CONVERSION = YES;
				CLANG_WARN_INT_CONVERSION = YES;
				CLANG_WARN_OBJC_ROOT_CLASS = YES_ERROR;
				CLANG_WARN_UNREACHABLE_CODE = YES;
				CLANG_WARN__DUPLICATE_METHOD_MATCH = YES;
				COPY_PHASE_STRIP = NO;
				ENABLE_STRICT_OBJC_MSGSEND = YES;
				GCC_C_LANGUAGE_STANDARD = gnu99;
				GCC_DYNAMIC_NO_PIC = NO;
				GCC_OPTIMIZATION_LEVEL = 0;
				GCC_PREPROCESSOR_DEFINITIONS = (
					"DEBUG=1",
					"$(inherited)",
				);
				GCC_SYMBOLS_PRIVATE_EXTERN = NO;
				GCC_WARN_64_TO_32_BIT_CONVERSION = YES;
				GCC_WARN_ABOUT_RETURN_TYPE = YES_ERROR;
				GCC_WARN_UNDECLARED_SELECTOR = YES;
				GCC_WARN_UNINITIALIZED_AUTOS = YES_AGGRESSIVE;
				GCC_WARN_UNUSED_FUNCTION = YES;
				HEADER_SEARCH_PATHS = (
					"$(inherited)",
					"$(SRCROOT)../opensdk/include",
				);
				IPHONEOS_DEPLOYMENT_TARGET = 8.1;
				MTL_ENABLE_DEBUG_INFO = YES;
				ONLY_ACTIVE_ARCH = YES;
				OTHER_LDFLAGS = "-ObjC";
				PRODUCT_NAME = "$(TARGET_NAME)";
				SKIP_INSTALL = YES;
			};
			name = Debug;
		};
		57D798501A58E9C00024E2A3 /* Release */ = {
			isa = XCBuildConfiguration;
			buildSettings = {
				ALWAYS_SEARCH_USER_PATHS = NO;
				CLANG_CXX_LANGUAGE_STANDARD = "gnu++0x";
				CLANG_CXX_LIBRARY = "libc++";
				CLANG_ENABLE_MODULES = YES;
				CLANG_ENABLE_OBJC_ARC = YES;
				CLANG_WARN_BOOL_CONVERSION = YES;
				CLANG_WARN_CONSTANT_CONVERSION = YES;
				CLANG_WARN_DIRECT_OBJC_ISA_USAGE = YES_ERROR;
				CLANG_WARN_EMPTY_BODY = YES;
				CLANG_WARN_ENUM_CONVERSION = YES;
				CLANG_WARN_INT_CONVERSION = YES;
				CLANG_WARN_OBJC_ROOT_CLASS = YES_ERROR;
				CLANG_WARN_UNREACHABLE_CODE = YES;
				CLANG_WARN__DUPLICATE_METHOD_MATCH = YES;
				COPY_PHASE_STRIP = YES;
				ENABLE_NS_ASSERTIONS = NO;
				ENABLE_STRICT_OBJC_MSGSEND = YES;
				GCC_C_LANGUAGE_STANDARD = gnu99;
				GCC_WARN_64_TO_32_BIT_CONVERSION = YES;
				GCC_WARN_ABOUT_RETURN_TYPE = YES_ERROR;
				GCC_WARN_UNDECLARED_SELECTOR = YES;
				GCC_WARN_UNINITIALIZED_AUTOS = YES_AGGRESSIVE;
				GCC_WARN_UNUSED_FUNCTION = YES;
				HEADER_SEARCH_PATHS = (
					"$(inherited)",
					"$(SRCROOT)../opensdk/include",
				);
				IPHONEOS_DEPLOYMENT_TARGET = 8.1;
				MTL_ENABLE_DEBUG_INFO = NO;
				OTHER_LDFLAGS = "-ObjC";
				PRODUCT_NAME = "$(TARGET_NAME)";
				SKIP_INSTALL = YES;
				VALIDATE_PRODUCT = YES;
			};
			name = Release;
		};
		57D798511A58E9C00024E2A3 /* Debug */ = {
			isa = XCBuildConfiguration;
			buildSettings = {
				ALWAYS_SEARCH_USER_PATHS = NO;
				CLANG_CXX_LANGUAGE_STANDARD = "gnu++0x";
				CLANG_CXX_LIBRARY = "libc++";
				CLANG_ENABLE_MODULES = YES;
				CLANG_ENABLE_OBJC_ARC = YES;
				CLANG_WARN_BOOL_CONVERSION = YES;
				CLANG_WARN_CONSTANT_CONVERSION = YES;
				CLANG_WARN_DIRECT_OBJC_ISA_USAGE = YES_ERROR;
				CLANG_WARN_EMPTY_BODY = YES;
				CLANG_WARN_ENUM_CONVERSION = YES;
				CLANG_WARN_INT_CONVERSION = YES;
				CLANG_WARN_OBJC_ROOT_CLASS = YES_ERROR;
				CLANG_WARN_UNREACHABLE_CODE = YES;
				CLANG_WARN__DUPLICATE_METHOD_MATCH = YES;
				COPY_PHASE_STRIP = NO;
				ENABLE_STRICT_OBJC_MSGSEND = YES;
				FRAMEWORK_SEARCH_PATHS = (
					"$(SDKROOT)/Developer/Library/Frameworks",
					"$(inherited)",
				);
				GCC_C_LANGUAGE_STANDARD = gnu99;
				GCC_DYNAMIC_NO_PIC = NO;
				GCC_OPTIMIZATION_LEVEL = 0;
				GCC_PREPROCESSOR_DEFINITIONS = (
					"DEBUG=1",
					"$(inherited)",
				);
				GCC_SYMBOLS_PRIVATE_EXTERN = NO;
				GCC_WARN_64_TO_32_BIT_CONVERSION = YES;
				GCC_WARN_ABOUT_RETURN_TYPE = YES_ERROR;
				GCC_WARN_UNDECLARED_SELECTOR = YES;
				GCC_WARN_UNINITIALIZED_AUTOS = YES_AGGRESSIVE;
				GCC_WARN_UNUSED_FUNCTION = YES;
				INFOPLIST_FILE = opensdkTests/Info.plist;
				IPHONEOS_DEPLOYMENT_TARGET = 8.1;
				LD_RUNPATH_SEARCH_PATHS = "$(inherited) @executable_path/Frameworks @loader_path/Frameworks";
				MTL_ENABLE_DEBUG_INFO = YES;
				ONLY_ACTIVE_ARCH = YES;
				PRODUCT_NAME = "$(TARGET_NAME)";
			};
			name = Debug;
		};
		57D798521A58E9C00024E2A3 /* Release */ = {
			isa = XCBuildConfiguration;
			buildSettings = {
				ALWAYS_SEARCH_USER_PATHS = NO;
				CLANG_CXX_LANGUAGE_STANDARD = "gnu++0x";
				CLANG_CXX_LIBRARY = "libc++";
				CLANG_ENABLE_MODULES = YES;
				CLANG_ENABLE_OBJC_ARC = YES;
				CLANG_WARN_BOOL_CONVERSION = YES;
				CLANG_WARN_CONSTANT_CONVERSION = YES;
				CLANG_WARN_DIRECT_OBJC_ISA_USAGE = YES_ERROR;
				CLANG_WARN_EMPTY_BODY = YES;
				CLANG_WARN_ENUM_CONVERSION = YES;
				CLANG_WARN_INT_CONVERSION = YES;
				CLANG_WARN_OBJC_ROOT_CLASS = YES_ERROR;
				CLANG_WARN_UNREACHABLE_CODE = YES;
				CLANG_WARN__DUPLICATE_METHOD_MATCH = YES;
				COPY_PHASE_STRIP = YES;
				ENABLE_NS_ASSERTIONS = NO;
				ENABLE_STRICT_OBJC_MSGSEND = YES;
				FRAMEWORK_SEARCH_PATHS = (
					"$(SDKROOT)/Developer/Library/Frameworks",
					"$(inherited)",
				);
				GCC_C_LANGUAGE_STANDARD = gnu99;
				GCC_WARN_64_TO_32_BIT_CONVERSION = YES;
				GCC_WARN_ABOUT_RETURN_TYPE = YES_ERROR;
				GCC_WARN_UNDECLARED_SELECTOR = YES;
				GCC_WARN_UNINITIALIZED_AUTOS = YES_AGGRESSIVE;
				GCC_WARN_UNUSED_FUNCTION = YES;
				INFOPLIST_FILE = opensdkTests/Info.plist;
				IPHONEOS_DEPLOYMENT_TARGET = 8.1;
				LD_RUNPATH_SEARCH_PATHS = "$(inherited) @executable_path/Frameworks @loader_path/Frameworks";
				MTL_ENABLE_DEBUG_INFO = NO;
				PRODUCT_NAME = "$(TARGET_NAME)";
				VALIDATE_PRODUCT = YES;
			};
			name = Release;
		};
		C01FCF4F08A954540054247B /* Debug */ = {
			isa = XCBuildConfiguration;
			buildSettings = {
				ARCHS = "$(ARCHS_STANDARD_32_BIT)";
				GCC_C_LANGUAGE_STANDARD = c99;
				GCC_VERSION = "";
				GCC_WARN_ABOUT_RETURN_TYPE = YES;
				GCC_WARN_UNUSED_VARIABLE = YES;
				SDKROOT = iphoneos;
				VALID_ARCHS = "armv6 armv7 i386";
			};
			name = Debug;
		};
		C01FCF5008A954540054247B /* Release */ = {
			isa = XCBuildConfiguration;
			buildSettings = {
				ARCHS = "$(ARCHS_STANDARD_32_BIT)";
				GCC_C_LANGUAGE_STANDARD = c99;
				GCC_VERSION = "";
				GCC_WARN_ABOUT_RETURN_TYPE = YES;
				GCC_WARN_UNUSED_VARIABLE = YES;
				OTHER_CFLAGS = "-DNS_BLOCK_ASSERTIONS=1";
				SDKROOT = iphoneos;
				VALID_ARCHS = "armv6 armv7 i386";
			};
			name = Release;
		};
/* End XCBuildConfiguration section */

/* Begin XCConfigurationList section */
		57D798531A58E9C10024E2A3 /* Build configuration list for PBXNativeTarget "opensdk" */ = {
			isa = XCConfigurationList;
			buildConfigurations = (
				57D7984F1A58E9C00024E2A3 /* Debug */,
				57D798501A58E9C00024E2A3 /* Release */,
			);
			defaultConfigurationIsVisible = 0;
			defaultConfigurationName = Debug;
		};
		57D798541A58E9C10024E2A3 /* Build configuration list for PBXNativeTarget "opensdkTests" */ = {
			isa = XCConfigurationList;
			buildConfigurations = (
				57D798511A58E9C00024E2A3 /* Debug */,
				57D798521A58E9C00024E2A3 /* Release */,
			);
			defaultConfigurationIsVisible = 0;
			defaultConfigurationName = Debug;
		};
		C01FCF4E08A954540054247B /* Build configuration list for PBXProject "opensdk" */ = {
			isa = XCConfigurationList;
			buildConfigurations = (
				C01FCF4F08A954540054247B /* Debug */,
				C01FCF5008A954540054247B /* Release */,
			);
			defaultConfigurationIsVisible = 0;
			defaultConfigurationName = Debug;
		};
/* End XCConfigurationList section */
	};
	rootObject = 29B97313FDCFA39411CA2CEA /* Project object */;
}
